
Microsoft Visual Studio Solution File, Format Version 12.00
Project("{FAE04EC0-301F-11D3-BF4B-00C04F79EFBC}") = "backend-3-module", "backend-3-module\backend-3-module.csproj", "{474D6D0F-D85E-4954-9853-0BCD078E0F5C}"
EndProject
Project("{FAE04EC0-301F-11D3-BF4B-00C04F79EFBC}") = "Email", "Email\Email.csproj", "{91C937FB-4F1B-4F2C-B5C4-3EAFCB5D33EC}"
EndProject
Global
	GlobalSection(SolutionConfigurationPlatforms) = preSolution
		Debug|Any CPU = Debug|Any CPU
		Release|Any CPU = Release|Any CPU
	EndGlobalSection
	GlobalSection(ProjectConfigurationPlatforms) = postSolution
		{474D6D0F-D85E-4954-9853-0BCD078E0F5C}.Debug|Any CPU.ActiveCfg = Debug|Any CPU
		{474D6D0F-D85E-4954-9853-0BCD078E0F5C}.Debug|Any CPU.Build.0 = Debug|Any CPU
		{474D6D0F-D85E-4954-9853-0BCD078E0F5C}.Release|Any CPU.ActiveCfg = Release|Any CPU
		{474D6D0F-D85E-4954-9853-0BCD078E0F5C}.Release|Any CPU.Build.0 = Release|Any CPU
		{91C937FB-4F1B-4F2C-B5C4-3EAFCB5D33EC}.Debug|Any CPU.ActiveCfg = Debug|Any CPU
		{91C937FB-4F1B-4F2C-B5C4-3EAFCB5D33EC}.Debug|Any CPU.Build.0 = Debug|Any CPU
		{91C937FB-4F1B-4F2C-B5C4-3EAFCB5D33EC}.Release|Any CPU.ActiveCfg = Release|Any CPU
		{91C937FB-4F1B-4F2C-B5C4-3EAFCB5D33EC}.Release|Any CPU.Build.0 = Release|Any CPU
	EndGlobalSection
EndGlobal
